
Microsoft Visual Studio Solution File, Format Version 12.00
# Visual Studio 14
VisualStudioVersion = 14.0.25420.1
MinimumVisualStudioVersion = 10.0.40219.1
Project("{8BC9CEB8-8B4A-11D0-8D11-00A0C91BC942}") = "ConverterDll", "ConverterDll\ConverterDll\ConverterDll.vcxproj", "{66DB7CDF-3141-4F59-81E2-177CC21FD35D}"
EndProject
Project("{8BC9CEB8-8B4A-11D0-8D11-00A0C91BC942}") = "PCTexture2PE_GUI", "Converter_GUI\PCTexture2PE_GUI\PCTexture2PE_GUI.vcxproj", "{E4DD37BD-1357-4594-83F9-BB6A6D9FEC0E}"
	ProjectSection(ProjectDependencies) = postProject
		{66DB7CDF-3141-4F59-81E2-177CC21FD35D} = {66DB7CDF-3141-4F59-81E2-177CC21FD35D}
	EndProjectSection
EndProject
Project("{8BC9CEB8-8B4A-11D0-8D11-00A0C91BC942}") = "ZipLib", "ZIP_API\Source\ZipLib\ZipLib.vcxproj", "{5C9FD859-DDF9-4510-8397-B329B0AE8C48}"
EndProject
Project("{2150E333-8FDC-42A3-9474-1A3956D46DE8}") = "Extlibs", "Extlibs", "{116A2236-EE24-4FCD-A985-C9235933415F}"
EndProject
Project("{8BC9CEB8-8B4A-11D0-8D11-00A0C91BC942}") = "lzma", "ZIP_API\Source\ZipLib\extlibs\lzma\lzma.vcxproj", "{7EAD1358-3E72-4FB6-A212-25D462B5C1E9}"
EndProject
Project("{8BC9CEB8-8B4A-11D0-8D11-00A0C91BC942}") = "zlib", "ZIP_API\Source\ZipLib\extlibs\zlib\zlib.vcxproj", "{BAEB16B3-DB4C-432F-9E6A-2ACADEA0691D}"
EndProject
Project("{8BC9CEB8-8B4A-11D0-8D11-00A0C91BC942}") = "bzip2", "ZIP_API\Source\ZipLib\extlibs\bzip2\bzip2.vcxproj", "{DBBF348D-C221-4F2E-8A0D-24EFA0D98E71}"
EndProject
Project("{8BC9CEB8-8B4A-11D0-8D11-00A0C91BC942}") = "zip_api", "ZIP_API\Source\zip_api\zip_api.vcxproj", "{3E29FE3F-BDAF-44A8-85CD-5F0CE73CA03D}"
EndProject
Project("{2150E333-8FDC-42A3-9474-1A3956D46DE8}") = "ZipLib", "ZipLib", "{A01AE36A-3E19-4B69-B95A-43712762FE53}"
EndProject
Global
	GlobalSection(SolutionConfigurationPlatforms) = preSolution
		Debug|x64 = Debug|x64
		Debug|x86 = Debug|x86
		Release|x64 = Release|x64
		Release|x86 = Release|x86
	EndGlobalSection
	GlobalSection(ProjectConfigurationPlatforms) = postSolution
		{66DB7CDF-3141-4F59-81E2-177CC21FD35D}.Debug|x64.ActiveCfg = Debug|x64
		{66DB7CDF-3141-4F59-81E2-177CC21FD35D}.Debug|x64.Build.0 = Debug|x64
		{66DB7CDF-3141-4F59-81E2-177CC21FD35D}.Debug|x86.ActiveCfg = Debug|Win32
		{66DB7CDF-3141-4F59-81E2-177CC21FD35D}.Debug|x86.Build.0 = Debug|Win32
		{66DB7CDF-3141-4F59-81E2-177CC21FD35D}.Release|x64.ActiveCfg = Release|x64
		{66DB7CDF-3141-4F59-81E2-177CC21FD35D}.Release|x64.Build.0 = Release|x64
		{66DB7CDF-3141-4F59-81E2-177CC21FD35D}.Release|x86.ActiveCfg = Release|Win32
		{66DB7CDF-3141-4F59-81E2-177CC21FD35D}.Release|x86.Build.0 = Release|Win32
		{E4DD37BD-1357-4594-83F9-BB6A6D9FEC0E}.Debug|x64.ActiveCfg = Debug|x64
		{E4DD37BD-1357-4594-83F9-BB6A6D9FEC0E}.Debug|x64.Build.0 = Debug|x64
		{E4DD37BD-1357-4594-83F9-BB6A6D9FEC0E}.Debug|x86.ActiveCfg = Debug|Win32
		{E4DD37BD-1357-4594-83F9-BB6A6D9FEC0E}.Debug|x86.Build.0 = Debug|Win32
		{E4DD37BD-1357-4594-83F9-BB6A6D9FEC0E}.Release|x64.ActiveCfg = Release|x64
		{E4DD37BD-1357-4594-83F9-BB6A6D9FEC0E}.Release|x64.Build.0 = Release|x64
		{E4DD37BD-1357-4594-83F9-BB6A6D9FEC0E}.Release|x86.ActiveCfg = Release|Win32
		{E4DD37BD-1357-4594-83F9-BB6A6D9FEC0E}.Release|x86.Build.0 = Release|Win32
		{5C9FD859-DDF9-4510-8397-B329B0AE8C48}.Debug|x64.ActiveCfg = Debug|x64
		{5C9FD859-DDF9-4510-8397-B329B0AE8C48}.Debug|x64.Build.0 = Debug|x64
		{5C9FD859-DDF9-4510-8397-B329B0AE8C48}.Debug|x86.ActiveCfg = Debug|Win32
		{5C9FD859-DDF9-4510-8397-B329B0AE8C48}.Debug|x86.Build.0 = Debug|Win32
		{5C9FD859-DDF9-4510-8397-B329B0AE8C48}.Release|x64.ActiveCfg = Release|x64
		{5C9FD859-DDF9-4510-8397-B329B0AE8C48}.Release|x64.Build.0 = Release|x64
		{5C9FD859-DDF9-4510-8397-B329B0AE8C48}.Release|x86.ActiveCfg = Release|Win32
		{5C9FD859-DDF9-4510-8397-B329B0AE8C48}.Release|x86.Build.0 = Release|Win32
		{7EAD1358-3E72-4FB6-A212-25D462B5C1E9}.Debug|x64.ActiveCfg = Debug|x64
		{7EAD1358-3E72-4FB6-A212-25D462B5C1E9}.Debug|x64.Build.0 = Debug|x64
		{7EAD1358-3E72-4FB6-A212-25D462B5C1E9}.Debug|x86.ActiveCfg = Debug|Win32
		{7EAD1358-3E72-4FB6-A212-25D462B5C1E9}.Debug|x86.Build.0 = Debug|Win32
		{7EAD1358-3E72-4FB6-A212-25D462B5C1E9}.Release|x64.ActiveCfg = Release|x64
		{7EAD1358-3E72-4FB6-A212-25D462B5C1E9}.Release|x64.Build.0 = Release|x64
		{7EAD1358-3E72-4FB6-A212-25D462B5C1E9}.Release|x86.ActiveCfg = Release|Win32
		{7EAD1358-3E72-4FB6-A212-25D462B5C1E9}.Release|x86.Build.0 = Release|Win32
		{BAEB16B3-DB4C-432F-9E6A-2ACADEA0691D}.Debug|x64.ActiveCfg = Debug|x64
		{BAEB16B3-DB4C-432F-9E6A-2ACADEA0691D}.Debug|x64.Build.0 = Debug|x64
		{BAEB16B3-DB4C-432F-9E6A-2ACADEA0691D}.Debug|x86.ActiveCfg = Debug|Win32
		{BAEB16B3-DB4C-432F-9E6A-2ACADEA0691D}.Debug|x86.Build.0 = Debug|Win32
		{BAEB16B3-DB4C-432F-9E6A-2ACADEA0691D}.Release|x64.ActiveCfg = Release|x64
		{BAEB16B3-DB4C-432F-9E6A-2ACADEA0691D}.Release|x64.Build.0 = Release|x64
		{BAEB16B3-DB4C-432F-9E6A-2ACADEA0691D}.Release|x86.ActiveCfg = Release|Win32
		{BAEB16B3-DB4C-432F-9E6A-2ACADEA0691D}.Release|x86.Build.0 = Release|Win32
		{DBBF348D-C221-4F2E-8A0D-24EFA0D98E71}.Debug|x64.ActiveCfg = Debug|x64
		{DBBF348D-C221-4F2E-8A0D-24EFA0D98E71}.Debug|x64.Build.0 = Debug|x64
		{DBBF348D-C221-4F2E-8A0D-24EFA0D98E71}.Debug|x86.ActiveCfg = Debug|Win32
		{DBBF348D-C221-4F2E-8A0D-24EFA0D98E71}.Debug|x86.Build.0 = Debug|Win32
		{DBBF348D-C221-4F2E-8A0D-24EFA0D98E71}.Release|x64.ActiveCfg = Release|x64
		{DBBF348D-C221-4F2E-8A0D-24EFA0D98E71}.Release|x64.Build.0 = Release|x64
		{DBBF348D-C221-4F2E-8A0D-24EFA0D98E71}.Release|x86.ActiveCfg = Release|Win32
		{DBBF348D-C221-4F2E-8A0D-24EFA0D98E71}.Release|x86.Build.0 = Release|Win32
		{3E29FE3F-BDAF-44A8-85CD-5F0CE73CA03D}.Debug|x64.ActiveCfg = Debug|x64
		{3E29FE3F-BDAF-44A8-85CD-5F0CE73CA03D}.Debug|x64.Build.0 = Debug|x64
		{3E29FE3F-BDAF-44A8-85CD-5F0CE73CA03D}.Debug|x86.ActiveCfg = Debug|Win32
		{3E29FE3F-BDAF-44A8-85CD-5F0CE73CA03D}.Debug|x86.Build.0 = Debug|Win32
		{3E29FE3F-BDAF-44A8-85CD-5F0CE73CA03D}.Release|x64.ActiveCfg = Release|x64
		{3E29FE3F-BDAF-44A8-85CD-5F0CE73CA03D}.Release|x64.Build.0 = Release|x64
		{3E29FE3F-BDAF-44A8-85CD-5F0CE73CA03D}.Release|x86.ActiveCfg = Release|Win32
		{3E29FE3F-BDAF-44A8-85CD-5F0CE73CA03D}.Release|x86.Build.0 = Release|Win32
	EndGlobalSection
	GlobalSection(SolutionProperties) = preSolution
		HideSolutionNode = FALSE
	EndGlobalSection
	GlobalSection(NestedProjects) = preSolution
		{5C9FD859-DDF9-4510-8397-B329B0AE8C48} = {A01AE36A-3E19-4B69-B95A-43712762FE53}
		{116A2236-EE24-4FCD-A985-C9235933415F} = {A01AE36A-3E19-4B69-B95A-43712762FE53}
		{7EAD1358-3E72-4FB6-A212-25D462B5C1E9} = {116A2236-EE24-4FCD-A985-C9235933415F}
		{BAEB16B3-DB4C-432F-9E6A-2ACADEA0691D} = {116A2236-EE24-4FCD-A985-C9235933415F}
		{DBBF348D-C221-4F2E-8A0D-24EFA0D98E71} = {116A2236-EE24-4FCD-A985-C9235933415F}
	EndGlobalSection
EndGlobal
